
Microsoft Visual Studio Solution File, Format Version 12.00
# Visual Studio Version 17
VisualStudioVersion = 17.5.33516.290
MinimumVisualStudioVersion = 10.0.40219.1
Project("{FAE04EC0-301F-11D3-BF4B-00C04F79EFBC}") = "Calculadora", "Calculadora.csproj", "{B03151F2-318F-4DDB-8BE3-F9FA7305C78D}"
EndProject
Global
	GlobalSection(SolutionConfigurationPlatforms) = preSolution
		Debug|Any CPU = Debug|Any CPU
		Release|Any CPU = Release|Any CPU
	EndGlobalSection
	GlobalSection(ProjectConfigurationPlatforms) = postSolution
		{B03151F2-318F-4DDB-8BE3-F9FA7305C78D}.Debug|Any CPU.ActiveCfg = Debug|Any CPU
		{B03151F2-318F-4DDB-8BE3-F9FA7305C78D}.Debug|Any CPU.Build.0 = Debug|Any CPU
		{B03151F2-318F-4DDB-8BE3-F9FA7305C78D}.Release|Any CPU.ActiveCfg = Release|Any CPU
		{B03151F2-318F-4DDB-8BE3-F9FA7305C78D}.Release|Any CPU.Build.0 = Release|Any CPU
	EndGlobalSection
	GlobalSection(SolutionProperties) = preSolution
		HideSolutionNode = FALSE
	EndGlobalSection
	GlobalSection(ExtensibilityGlobals) = postSolution
		SolutionGuid = {89FD4073-F103-4E6E-8F91-9E75300422A2}
	EndGlobalSection
EndGlobal
